
Microsoft Visual Studio Solution File, Format Version 12.00
# Visual Studio Version 17
VisualStudioVersion = 17.2.32630.192
MinimumVisualStudioVersion = 10.0.40219.1
Project("{9A19103F-16F7-4668-BE54-9A1E7A4F7556}") = "R5T.Y0007.Construction", "R5T.Y0007.Construction\R5T.Y0007.Construction.csproj", "{1A86EB83-B86B-4FA1-9923-F3D7650ABEFB}"
EndProject
Project("{9A19103F-16F7-4668-BE54-9A1E7A4F7556}") = "R5T.Y0007", "R5T.Y0007\R5T.Y0007.csproj", "{8BD29DAD-0EC3-4E04-9D18-0704019B0217}"
EndProject
Global
	GlobalSection(SolutionConfigurationPlatforms) = preSolution
		Debug|Any CPU = Debug|Any CPU
		Release|Any CPU = Release|Any CPU
	EndGlobalSection
	GlobalSection(ProjectConfigurationPlatforms) = postSolution
		{1A86EB83-B86B-4FA1-9923-F3D7650ABEFB}.Debug|Any CPU.ActiveCfg = Debug|Any CPU
		{1A86EB83-B86B-4FA1-9923-F3D7650ABEFB}.Debug|Any CPU.Build.0 = Debug|Any CPU
		{1A86EB83-B86B-4FA1-9923-F3D7650ABEFB}.Release|Any CPU.ActiveCfg = Release|Any CPU
		{1A86EB83-B86B-4FA1-9923-F3D7650ABEFB}.Release|Any CPU.Build.0 = Release|Any CPU
		{8BD29DAD-0EC3-4E04-9D18-0704019B0217}.Debug|Any CPU.ActiveCfg = Debug|Any CPU
		{8BD29DAD-0EC3-4E04-9D18-0704019B0217}.Debug|Any CPU.Build.0 = Debug|Any CPU
		{8BD29DAD-0EC3-4E04-9D18-0704019B0217}.Release|Any CPU.ActiveCfg = Release|Any CPU
		{8BD29DAD-0EC3-4E04-9D18-0704019B0217}.Release|Any CPU.Build.0 = Release|Any CPU
	EndGlobalSection
	GlobalSection(SolutionProperties) = preSolution
		HideSolutionNode = FALSE
	EndGlobalSection
	GlobalSection(ExtensibilityGlobals) = postSolution
		SolutionGuid = {E1BFBF39-E4F6-4BFE-9CB4-BC06D40BFD82}
	EndGlobalSection
EndGlobal
